
Microsoft Visual Studio Solution File, Format Version 12.00
# Visual Studio Version 17
VisualStudioVersion = 17.4.33122.133
MinimumVisualStudioVersion = 10.0.40219.1
Project("{FAE04EC0-301F-11D3-BF4B-00C04F79EFBC}") = "MyHome", "MyHome\MyHome.csproj", "{FC741E77-8FC9-4D6F-A480-D1A83F32E8B2}"
EndProject
Project("{FAE04EC0-301F-11D3-BF4B-00C04F79EFBC}") = "MyHome.Test", "MyHome.Test\MyHome.Test.csproj", "{1D127A35-2409-4551-B9F6-BBE40CC0BED4}"
EndProject
Project("{FAE04EC0-301F-11D3-BF4B-00C04F79EFBC}") = "MyHome.Core", "MyHome.Core\MyHome.Core.csproj", "{CBC38EF9-DFAF-4647-8C9D-09CEDFEC8F1F}"
EndProject
Project("{FAE04EC0-301F-11D3-BF4B-00C04F79EFBC}") = "MyHome.Data", "MyHome.Data\MyHome.Data.csproj", "{1B6DE947-2409-428F-9F10-CBC7A133ECAF}"
EndProject
Global
	GlobalSection(SolutionConfigurationPlatforms) = preSolution
		Debug|Any CPU = Debug|Any CPU
		Release|Any CPU = Release|Any CPU
	EndGlobalSection
	GlobalSection(ProjectConfigurationPlatforms) = postSolution
		{FC741E77-8FC9-4D6F-A480-D1A83F32E8B2}.Debug|Any CPU.ActiveCfg = Debug|Any CPU
		{FC741E77-8FC9-4D6F-A480-D1A83F32E8B2}.Debug|Any CPU.Build.0 = Debug|Any CPU
		{FC741E77-8FC9-4D6F-A480-D1A83F32E8B2}.Release|Any CPU.ActiveCfg = Release|Any CPU
		{FC741E77-8FC9-4D6F-A480-D1A83F32E8B2}.Release|Any CPU.Build.0 = Release|Any CPU
		{1D127A35-2409-4551-B9F6-BBE40CC0BED4}.Debug|Any CPU.ActiveCfg = Debug|Any CPU
		{1D127A35-2409-4551-B9F6-BBE40CC0BED4}.Debug|Any CPU.Build.0 = Debug|Any CPU
		{1D127A35-2409-4551-B9F6-BBE40CC0BED4}.Release|Any CPU.ActiveCfg = Release|Any CPU
		{1D127A35-2409-4551-B9F6-BBE40CC0BED4}.Release|Any CPU.Build.0 = Release|Any CPU
		{CBC38EF9-DFAF-4647-8C9D-09CEDFEC8F1F}.Debug|Any CPU.ActiveCfg = Debug|Any CPU
		{CBC38EF9-DFAF-4647-8C9D-09CEDFEC8F1F}.Debug|Any CPU.Build.0 = Debug|Any CPU
		{CBC38EF9-DFAF-4647-8C9D-09CEDFEC8F1F}.Release|Any CPU.ActiveCfg = Release|Any CPU
		{CBC38EF9-DFAF-4647-8C9D-09CEDFEC8F1F}.Release|Any CPU.Build.0 = Release|Any CPU
		{1B6DE947-2409-428F-9F10-CBC7A133ECAF}.Debug|Any CPU.ActiveCfg = Debug|Any CPU
		{1B6DE947-2409-428F-9F10-CBC7A133ECAF}.Debug|Any CPU.Build.0 = Debug|Any CPU
		{1B6DE947-2409-428F-9F10-CBC7A133ECAF}.Release|Any CPU.ActiveCfg = Release|Any CPU
		{1B6DE947-2409-428F-9F10-CBC7A133ECAF}.Release|Any CPU.Build.0 = Release|Any CPU
	EndGlobalSection
	GlobalSection(SolutionProperties) = preSolution
		HideSolutionNode = FALSE
	EndGlobalSection
	GlobalSection(ExtensibilityGlobals) = postSolution
		SolutionGuid = {0350F41C-BA06-4A8A-897A-80CAECE7D390}
	EndGlobalSection
EndGlobal
